// !$*UTF8*$!
{
	archiveVersion = 1;
	classes = {
	};
	objectVersion = 46;
	objects = {

/* Begin PBXBuildFile section */
		94CE32A71D481E940063B46B /* AppDelegate.swift in Sources */ = {isa = PBXBuildFile; fileRef = 94CE32A61D481E940063B46B /* AppDelegate.swift */; };
		94CE32A91D481E940063B46B /* ViewController.swift in Sources */ = {isa = PBXBuildFile; fileRef = 94CE32A81D481E940063B46B /* ViewController.swift */; };
		94CE32AC1D481E950063B46B /* Main.storyboard in Resources */ = {isa = PBXBuildFile; fileRef = 94CE32AA1D481E950063B46B /* Main.storyboard */; };
		94CE32AE1D481E950063B46B /* Assets.xcassets in Resources */ = {isa = PBXBuildFile; fileRef = 94CE32AD1D481E950063B46B /* Assets.xcassets */; };
		94CE32B11D481E950063B46B /* LaunchScreen.storyboard in Resources */ = {isa = PBXBuildFile; fileRef = 94CE32AF1D481E950063B46B /* LaunchScreen.storyboard */; };
		94CE32BC1D481E950063B46B /* Shake_and_GenerateTests.swift in Sources */ = {isa = PBXBuildFile; fileRef = 94CE32BB1D481E950063B46B /* Shake_and_GenerateTests.swift */; };
		94CE32C71D481E950063B46B /* Shake_and_GenerateUITests.swift in Sources */ = {isa = PBXBuildFile; fileRef = 94CE32C61D481E950063B46B /* Shake_and_GenerateUITests.swift */; };
/* End PBXBuildFile section */

/* Begin PBXContainerItemProxy section */
		94CE32B81D481E950063B46B /* PBXContainerItemProxy */ = {
			isa = PBXContainerItemProxy;
			containerPortal = 94CE329B1D481E930063B46B /* Project object */;
			proxyType = 1;
			remoteGlobalIDString = 94CE32A21D481E930063B46B;
			remoteInfo = "Shake and Generate";
		};
		94CE32C31D481E950063B46B /* PBXContainerItemProxy */ = {
			isa = PBXContainerItemProxy;
			containerPortal = 94CE329B1D481E930063B46B /* Project object */;
			proxyType = 1;
			remoteGlobalIDString = 94CE32A21D481E930063B46B;
			remoteInfo = "Shake and Generate";
		};
/* End PBXContainerItemProxy section */

/* Begin PBXFileReference section */
		94CE32A31D481E940063B46B /* Shake and Generate.app */ = {isa = PBXFileReference; explicitFileType = wrapper.application; includeInIndex = 0; path = "Shake and Generate.app"; sourceTree = BUILT_PRODUCTS_DIR; };
		94CE32A61D481E940063B46B /* AppDelegate.swift */ = {isa = PBXFileReference; lastKnownFileType = sourcecode.swift; path = AppDelegate.swift; sourceTree = "<group>"; };
		94CE32A81D481E940063B46B /* ViewController.swift */ = {isa = PBXFileReference; lastKnownFileType = sourcecode.swift; path = ViewController.swift; sourceTree = "<group>"; };
		94CE32AB1D481E950063B46B /* Base */ = {isa = PBXFileReference; lastKnownFileType = file.storyboard; name = Base; path = Base.lproj/Main.storyboard; sourceTree = "<group>"; };
		94CE32AD1D481E950063B46B /* Assets.xcassets */ = {isa = PBXFileReference; lastKnownFileType = folder.assetcatalog; path = Assets.xcassets; sourceTree = "<group>"; };
		94CE32B01D481E950063B46B /* Base */ = {isa = PBXFileReference; lastKnownFileType = file.storyboard; name = Base; path = Base.lproj/LaunchScreen.storyboard; sourceTree = "<group>"; };
		94CE32B21D481E950063B46B /* Info.plist */ = {isa = PBXFileReference; lastKnownFileType = text.plist.xml; path = Info.plist; sourceTree = "<group>"; };
		94CE32B71D481E950063B46B /* Shake and GenerateTests.xctest */ = {isa = PBXFileReference; explicitFileType = wrapper.cfbundle; includeInIndex = 0; path = "Shake and GenerateTests.xctest"; sourceTree = BUILT_PRODUCTS_DIR; };
		94CE32BB1D481E950063B46B /* Shake_and_GenerateTests.swift */ = {isa = PBXFileReference; lastKnownFileType = sourcecode.swift; path = Shake_and_GenerateTests.swift; sourceTree = "<group>"; };
		94CE32BD1D481E950063B46B /* Info.plist */ = {isa = PBXFileReference; lastKnownFileType = text.plist.xml; path = Info.plist; sourceTree = "<group>"; };
		94CE32C21D481E950063B46B /* Shake and GenerateUITests.xctest */ = {isa = PBXFileReference; explicitFileType = wrapper.cfbundle; includeInIndex = 0; path = "Shake and GenerateUITests.xctest"; sourceTree = BUILT_PRODUCTS_DIR; };
		94CE32C61D481E950063B46B /* Shake_and_GenerateUITests.swift */ = {isa = PBXFileReference; lastKnownFileType = sourcecode.swift; path = Shake_and_GenerateUITests.swift; sourceTree = "<group>"; };
		94CE32C81D481E950063B46B /* Info.plist */ = {isa = PBXFileReference; lastKnownFileType = text.plist.xml; path = Info.plist; sourceTree = "<group>"; };
/* End PBXFileReference section */

/* Begin PBXFrameworksBuildPhase section */
		94CE32A01D481E930063B46B /* Frameworks */ = {
			isa = PBXFrameworksBuildPhase;
			buildActionMask = 2147483647;
			files = (
			);
			runOnlyForDeploymentPostprocessing = 0;
		};
		94CE32B41D481E950063B46B /* Frameworks */ = {
			isa = PBXFrameworksBuildPhase;
			buildActionMask = 2147483647;
			files = (
			);
			runOnlyForDeploymentPostprocessing = 0;
		};
		94CE32BF1D481E950063B46B /* Frameworks */ = {
			isa = PBXFrameworksBuildPhase;
			buildActionMask = 2147483647;
			files = (
			);
			runOnlyForDeploymentPostprocessing = 0;
		};
/* End PBXFrameworksBuildPhase section */

/* Begin PBXGroup section */
		94CE329A1D481E930063B46B = {
			isa = PBXGroup;
			children = (
				94CE32A51D481E940063B46B /* Shake and Generate */,
				94CE32BA1D481E950063B46B /* Shake and GenerateTests */,
				94CE32C51D481E950063B46B /* Shake and GenerateUITests */,
				94CE32A41D481E940063B46B /* Products */,
			);
			sourceTree = "<group>";
		};
		94CE32A41D481E940063B46B /* Products */ = {
			isa = PBXGroup;
			children = (
				94CE32A31D481E940063B46B /* Shake and Generate.app */,
				94CE32B71D481E950063B46B /* Shake and GenerateTests.xctest */,
				94CE32C21D481E950063B46B /* Shake and GenerateUITests.xctest */,
			);
			name = Products;
			sourceTree = "<group>";
		};
		94CE32A51D481E940063B46B /* Shake and Generate */ = {
			isa = PBXGroup;
			children = (
				94CE32A61D481E940063B46B /* AppDelegate.swift */,
				94CE32A81D481E940063B46B /* ViewController.swift */,
				94CE32AA1D481E950063B46B /* Main.storyboard */,
				94CE32AD1D481E950063B46B /* Assets.xcassets */,
				94CE32AF1D481E950063B46B /* LaunchScreen.storyboard */,
				94CE32B21D481E950063B46B /* Info.plist */,
			);
			path = "Shake and Generate";
			sourceTree = "<group>";
		};
		94CE32BA1D481E950063B46B /* Shake and GenerateTests */ = {
			isa = PBXGroup;
			children = (
				94CE32BB1D481E950063B46B /* Shake_and_GenerateTests.swift */,
				94CE32BD1D481E950063B46B /* Info.plist */,
			);
			path = "Shake and GenerateTests";
			sourceTree = "<group>";
		};
		94CE32C51D481E950063B46B /* Shake and GenerateUITests */ = {
			isa = PBXGroup;
			children = (
				94CE32C61D481E950063B46B /* Shake_and_GenerateUITests.swift */,
				94CE32C81D481E950063B46B /* Info.plist */,
			);
			path = "Shake and GenerateUITests";
			sourceTree = "<group>";
		};
/* End PBXGroup section */

/* Begin PBXNativeTarget section */
		94CE32A21D481E930063B46B /* Shake and Generate */ = {
			isa = PBXNativeTarget;
			buildConfigurationList = 94CE32CB1D481E950063B46B /* Build configuration list for PBXNativeTarget "Shake and Generate" */;
			buildPhases = (
				94CE329F1D481E930063B46B /* Sources */,
				94CE32A01D481E930063B46B /* Frameworks */,
				94CE32A11D481E930063B46B /* Resources */,
			);
			buildRules = (
			);
			dependencies = (
			);
			name = "Shake and Generate";
			productName = "Shake and Generate";
			productReference = 94CE32A31D481E940063B46B /* Shake and Generate.app */;
			productType = "com.apple.product-type.application";
		};
		94CE32B61D481E950063B46B /* Shake and GenerateTests */ = {
			isa = PBXNativeTarget;
			buildConfigurationList = 94CE32CE1D481E950063B46B /* Build configuration list for PBXNativeTarget "Shake and GenerateTests" */;
			buildPhases = (
				94CE32B31D481E950063B46B /* Sources */,
				94CE32B41D481E950063B46B /* Frameworks */,
				94CE32B51D481E950063B46B /* Resources */,
			);
			buildRules = (
			);
			dependencies = (
				94CE32B91D481E950063B46B /* PBXTargetDependency */,
			);
			name = "Shake and GenerateTests";
			productName = "Shake and GenerateTests";
			productReference = 94CE32B71D481E950063B46B /* Shake and GenerateTests.xctest */;
			productType = "com.apple.product-type.bundle.unit-test";
		};
		94CE32C11D481E950063B46B /* Shake and GenerateUITests */ = {
			isa = PBXNativeTarget;
			buildConfigurationList = 94CE32D11D481E950063B46B /* Build configuration list for PBXNativeTarget "Shake and GenerateUITests" */;
			buildPhases = (
				94CE32BE1D481E950063B46B /* Sources */,
				94CE32BF1D481E950063B46B /* Frameworks */,
				94CE32C01D481E950063B46B /* Resources */,
			);
			buildRules = (
			);
			dependencies = (
				94CE32C41D481E950063B46B /* PBXTargetDependency */,
			);
			name = "Shake and GenerateUITests";
			productName = "Shake and GenerateUITests";
			productReference = 94CE32C21D481E950063B46B /* Shake and GenerateUITests.xctest */;
			productType = "com.apple.product-type.bundle.ui-testing";
		};
/* End PBXNativeTarget section */

/* Begin PBXProject section */
		94CE329B1D481E930063B46B /* Project object */ = {
			isa = PBXProject;
			attributes = {
				LastSwiftUpdateCheck = 0800;
				LastUpgradeCheck = 0800;
				ORGANIZATIONNAME = Androctone;
				TargetAttributes = {
					94CE32A21D481E930063B46B = {
						CreatedOnToolsVersion = 8.0;
						DevelopmentTeam = 4694BK4WEA;
						DevelopmentTeamName = "Kaan Yagci";
						ProvisioningStyle = Automatic;
					};
					94CE32B61D481E950063B46B = {
						CreatedOnToolsVersion = 8.0;
						DevelopmentTeam = 4694BK4WEA;
						DevelopmentTeamName = "Kaan Yagci";
						ProvisioningStyle = Automatic;
						TestTargetID = 94CE32A21D481E930063B46B;
					};
					94CE32C11D481E950063B46B = {
						CreatedOnToolsVersion = 8.0;
						DevelopmentTeam = 4694BK4WEA;
						DevelopmentTeamName = "Kaan Yagci";
						ProvisioningStyle = Automatic;
						TestTargetID = 94CE32A21D481E930063B46B;
					};
				};
			};
			buildConfigurationList = 94CE329E1D481E930063B46B /* Build configuration list for PBXProject "Shake and Generate" */;
			compatibilityVersion = "Xcode 3.2";
			developmentRegion = English;
			hasScannedForEncodings = 0;
			knownRegions = (
				en,
				Base,
			);
			mainGroup = 94CE329A1D481E930063B46B;
			productRefGroup = 94CE32A41D481E940063B46B /* Products */;
			projectDirPath = "";
			projectRoot = "";
			targets = (
				94CE32A21D481E930063B46B /* Shake and Generate */,
				94CE32B61D481E950063B46B /* Shake and GenerateTests */,
				94CE32C11D481E950063B46B /* Shake and GenerateUITests */,
			);
		};
/* End PBXProject section */

/* Begin PBXResourcesBuildPhase section */
		94CE32A11D481E930063B46B /* Resources */ = {
			isa = PBXResourcesBuildPhase;
			buildActionMask = 2147483647;
			files = (
				94CE32B11D481E950063B46B /* LaunchScreen.storyboard in Resources */,
				94CE32AE1D481E950063B46B /* Assets.xcassets in Resources */,
				94CE32AC1D481E950063B46B /* Main.storyboard in Resources */,
			);
			runOnlyForDeploymentPostprocessing = 0;
		};
		94CE32B51D481E950063B46B /* Resources */ = {
			isa = PBXResourcesBuildPhase;
			buildActionMask = 2147483647;
			files = (
			);
			runOnlyForDeploymentPostprocessing = 0;
		};
		94CE32C01D481E950063B46B /* Resources */ = {
			isa = PBXResourcesBuildPhase;
			buildActionMask = 2147483647;
			files = (
			);
			runOnlyForDeploymentPostprocessing = 0;
		};
/* End PBXResourcesBuildPhase section */

/* Begin PBXSourcesBuildPhase section */
		94CE329F1D481E930063B46B /* Sources */ = {
			isa = PBXSourcesBuildPhase;
			buildActionMask = 2147483647;
			files = (
				94CE32A91D481E940063B46B /* ViewController.swift in Sources */,
				94CE32A71D481E940063B46B /* AppDelegate.swift in Sources */,
			);
			runOnlyForDeploymentPostprocessing = 0;
		};
		94CE32B31D481E950063B46B /* Sources */ = {
			isa = PBXSourcesBuildPhase;
			buildActionMask = 2147483647;
			files = (
				94CE32BC1D481E950063B46B /* Shake_and_GenerateTests.swift in Sources */,
			);
			runOnlyForDeploymentPostprocessing = 0;
		};
		94CE32BE1D481E950063B46B /* Sources */ = {
			isa = PBXSourcesBuildPhase;
			buildActionMask = 2147483647;
			files = (
				94CE32C71D481E950063B46B /* Shake_and_GenerateUITests.swift in Sources */,
			);
			runOnlyForDeploymentPostprocessing = 0;
		};
/* End PBXSourcesBuildPhase section */

/* Begin PBXTargetDependency section */
		94CE32B91D481E950063B46B /* PBXTargetDependency */ = {
			isa = PBXTargetDependency;
			target = 94CE32A21D481E930063B46B /* Shake and Generate */;
			targetProxy = 94CE32B81D481E950063B46B /* PBXContainerItemProxy */;
		};
		94CE32C41D481E950063B46B /* PBXTargetDependency */ = {
			isa = PBXTargetDependency;
			target = 94CE32A21D481E930063B46B /* Shake and Generate */;
			targetProxy = 94CE32C31D481E950063B46B /* PBXContainerItemProxy */;
		};
/* End PBXTargetDependency section */

/* Begin PBXVariantGroup section */
		94CE32AA1D481E950063B46B /* Main.storyboard */ = {
			isa = PBXVariantGroup;
			children = (
				94CE32AB1D481E950063B46B /* Base */,
			);
			name = Main.storyboard;
			sourceTree = "<group>";
		};
		94CE32AF1D481E950063B46B /* LaunchScreen.storyboard */ = {
			isa = PBXVariantGroup;
			children = (
				94CE32B01D481E950063B46B /* Base */,
			);
			name = LaunchScreen.storyboard;
			sourceTree = "<group>";
		};
/* End PBXVariantGroup section */

/* Begin XCBuildConfiguration section */
		94CE32C91D481E950063B46B /* Debug */ = {
			isa = XCBuildConfiguration;
			buildSettings = {
				ALWAYS_SEARCH_USER_PATHS = NO;
				CLANG_ANALYZER_NONNULL = YES;
				CLANG_CXX_LANGUAGE_STANDARD = "gnu++0x";
				CLANG_CXX_LIBRARY = "libc++";
				CLANG_ENABLE_MODULES = YES;
				CLANG_ENABLE_OBJC_ARC = YES;
				CLANG_WARN_BOOL_CONVERSION = YES;
				CLANG_WARN_CONSTANT_CONVERSION = YES;
				CLANG_WARN_DIRECT_OBJC_ISA_USAGE = YES_ERROR;
				CLANG_WARN_DOCUMENTATION_COMMENTS = YES;
				CLANG_WARN_EMPTY_BODY = YES;
				CLANG_WARN_ENUM_CONVERSION = YES;
				CLANG_WARN_INT_CONVERSION = YES;
				CLANG_WARN_OBJC_ROOT_CLASS = YES_ERROR;
				CLANG_WARN_UNREACHABLE_CODE = YES;
				CLANG_WARN__DUPLICATE_METHOD_MATCH = YES;
				"CODE_SIGN_IDENTITY[sdk=iphoneos*]" = "iPhone Developer";
				COPY_PHASE_STRIP = NO;
				DEBUG_INFORMATION_FORMAT = dwarf;
				ENABLE_STRICT_OBJC_MSGSEND = YES;
				ENABLE_TESTABILITY = YES;
				GCC_C_LANGUAGE_STANDARD = gnu99;
				GCC_DYNAMIC_NO_PIC = NO;
				GCC_NO_COMMON_BLOCKS = YES;
				GCC_OPTIMIZATION_LEVEL = 0;
				GCC_PREPROCESSOR_DEFINITIONS = (
					"DEBUG=1",
					"$(inherited)",
				);
				GCC_WARN_64_TO_32_BIT_CONVERSION = YES;
				GCC_WARN_ABOUT_RETURN_TYPE = YES_ERROR;
				GCC_WARN_UNDECLARED_SELECTOR = YES;
				GCC_WARN_UNINITIALIZED_AUTOS = YES_AGGRESSIVE;
				GCC_WARN_UNUSED_FUNCTION = YES;
				GCC_WARN_UNUSED_VARIABLE = YES;
				IPHONEOS_DEPLOYMENT_TARGET = 10.0;
				MTL_ENABLE_DEBUG_INFO = YES;
				ONLY_ACTIVE_ARCH = YES;
				SDKROOT = iphoneos;
				SWIFT_ACTIVE_COMPILATION_CONDITIONS = DEBUG;
				SWIFT_OPTIMIZATION_LEVEL = "-Onone";
				TARGETED_DEVICE_FAMILY = "1,2";
			};
			name = Debug;
		};
		94CE32CA1D481E950063B46B /* Release */ = {
			isa = XCBuildConfiguration;
			buildSettings = {
				ALWAYS_SEARCH_USER_PATHS = NO;
				CLANG_ANALYZER_NONNULL = YES;
				CLANG_CXX_LANGUAGE_STANDARD = "gnu++0x";
				CLANG_CXX_LIBRARY = "libc++";
				CLANG_ENABLE_MODULES = YES;
				CLANG_ENABLE_OBJC_ARC = YES;
				CLANG_WARN_BOOL_CONVERSION = YES;
				CLANG_WARN_CONSTANT_CONVERSION = YES;
				CLANG_WARN_DIRECT_OBJC_ISA_USAGE = YES_ERROR;
				CLANG_WARN_DOCUMENTATION_COMMENTS = YES;
				CLANG_WARN_EMPTY_BODY = YES;
				CLANG_WARN_ENUM_CONVERSION = YES;
				CLANG_WARN_INT_CONVERSION = YES;
				CLANG_WARN_OBJC_ROOT_CLASS = YES_ERROR;
				CLANG_WARN_UNREACHABLE_CODE = YES;
				CLANG_WARN__DUPLICATE_METHOD_MATCH = YES;
				"CODE_SIGN_IDENTITY[sdk=iphoneos*]" = "iPhone Developer";
				COPY_PHASE_STRIP = NO;
				DEBUG_INFORMATION_FORMAT = "dwarf-with-dsym";
				ENABLE_NS_ASSERTIONS = NO;
				ENABLE_STRICT_OBJC_MSGSEND = YES;
				GCC_C_LANGUAGE_STANDARD = gnu99;
				GCC_NO_COMMON_BLOCKS = YES;
				GCC_WARN_64_TO_32_BIT_CONVERSION = YES;
				GCC_WARN_ABOUT_RETURN_TYPE = YES_ERROR;
				GCC_WARN_UNDECLARED_SELECTOR = YES;
				GCC_WARN_UNINITIALIZED_AUTOS = YES_AGGRESSIVE;
				GCC_WARN_UNUSED_FUNCTION = YES;
				GCC_WARN_UNUSED_VARIABLE = YES;
				IPHONEOS_DEPLOYMENT_TARGET = 10.0;
				MTL_ENABLE_DEBUG_INFO = NO;
				SDKROOT = iphoneos;
				SWIFT_OPTIMIZATION_LEVEL = "-Owholemodule";
				TARGETED_DEVICE_FAMILY = "1,2";
				VALIDATE_PRODUCT = YES;
			};
			name = Release;
		};
		94CE32CC1D481E950063B46B /* Debug */ = {
			isa = XCBuildConfiguration;
			buildSettings = {
				ASSETCATALOG_COMPILER_APPICON_NAME = AppIcon;
				INFOPLIST_FILE = "Shake and Generate/Info.plist";
				LD_RUNPATH_SEARCH_PATHS = "$(inherited) @executable_path/Frameworks";
				PRODUCT_BUNDLE_IDENTIFIER = "androctone.Shake-and-Generate";
				PRODUCT_NAME = "$(TARGET_NAME)";
				SWIFT_VERSION = 3.0;
			};
			name = Debug;
		};
		94CE32CD1D481E950063B46B /* Release */ = {
			isa = XCBuildConfiguration;
			buildSettings = {
				ASSETCATALOG_COMPILER_APPICON_NAME = AppIcon;
				INFOPLIST_FILE = "Shake and Generate/Info.plist";
				LD_RUNPATH_SEARCH_PATHS = "$(inherited) @executable_path/Frameworks";
				PRODUCT_BUNDLE_IDENTIFIER = "androctone.Shake-and-Generate";
				PRODUCT_NAME = "$(TARGET_NAME)";
				SWIFT_VERSION = 3.0;
			};
			name = Release;
		};
		94CE32CF1D481E950063B46B /* Debug */ = {
			isa = XCBuildConfiguration;
			buildSettings = {
				BUNDLE_LOADER = "$(TEST_HOST)";
				INFOPLIST_FILE = "Shake and GenerateTests/Info.plist";
				LD_RUNPATH_SEARCH_PATHS = "$(inherited) @executable_path/Frameworks @loader_path/Frameworks";
				PRODUCT_BUNDLE_IDENTIFIER = "androctone.Shake-and-GenerateTests";
				PRODUCT_NAME = "$(TARGET_NAME)";
				SWIFT_VERSION = 3.0;
				TEST_HOST = "$(BUILT_PRODUCTS_DIR)/Shake and Generate.app/Shake and Generate";
			};
			name = Debug;
		};
		94CE32D01D481E950063B46B /* Release */ = {
			isa = XCBuildConfiguration;
			buildSettings = {
				BUNDLE_LOADER = "$(TEST_HOST)";
				INFOPLIST_FILE = "Shake and GenerateTests/Info.plist";
				LD_RUNPATH_SEARCH_PATHS = "$(inherited) @executable_path/Frameworks @loader_path/Frameworks";
				PRODUCT_BUNDLE_IDENTIFIER = "androctone.Shake-and-GenerateTests";
				PRODUCT_NAME = "$(TARGET_NAME)";
				SWIFT_VERSION = 3.0;
				TEST_HOST = "$(BUILT_PRODUCTS_DIR)/Shake and Generate.app/Shake and Generate";
			};
			name = Release;
		};
		94CE32D21D481E950063B46B /* Debug */ = {
			isa = XCBuildConfiguration;
			buildSettings = {
				INFOPLIST_FILE = "Shake and GenerateUITests/Info.plist";
				LD_RUNPATH_SEARCH_PATHS = "$(inherited) @executable_path/Frameworks @loader_path/Frameworks";
				PRODUCT_BUNDLE_IDENTIFIER = "androctone.Shake-and-GenerateUITests";
				PRODUCT_NAME = "$(TARGET_NAME)";
				SWIFT_VERSION = 3.0;
				TEST_TARGET_NAME = "Shake and Generate";
			};
			name = Debug;
		};
		94CE32D31D481E950063B46B /* Release */ = {
			isa = XCBuildConfiguration;
			buildSettings = {
				INFOPLIST_FILE = "Shake and GenerateUITests/Info.plist";
				LD_RUNPATH_SEARCH_PATHS = "$(inherited) @executable_path/Frameworks @loader_path/Frameworks";
				PRODUCT_BUNDLE_IDENTIFIER = "androctone.Shake-and-GenerateUITests";
				PRODUCT_NAME = "$(TARGET_NAME)";
				SWIFT_VERSION = 3.0;
				TEST_TARGET_NAME = "Shake and Generate";
			};
			name = Release;
		};
/* End XCBuildConfiguration section */

/* Begin XCConfigurationList section */
		94CE329E1D481E930063B46B /* Build configuration list for PBXProject "Shake and Generate" */ = {
			isa = XCConfigurationList;
			buildConfigurations = (
				94CE32C91D481E950063B46B /* Debug */,
				94CE32CA1D481E950063B46B /* Release */,
			);
			defaultConfigurationIsVisible = 0;
			defaultConfigurationName = Release;
		};
		94CE32CB1D481E950063B46B /* Build configuration list for PBXNativeTarget "Shake and Generate" */ = {
			isa = XCConfigurationList;
			buildConfigurations = (
				94CE32CC1D481E950063B46B /* Debug */,
				94CE32CD1D481E950063B46B /* Release */,
			);
			defaultConfigurationIsVisible = 0;
		};
		94CE32CE1D481E950063B46B /* Build configuration list for PBXNativeTarget "Shake and GenerateTests" */ = {
			isa = XCConfigurationList;
			buildConfigurations = (
				94CE32CF1D481E950063B46B /* Debug */,
				94CE32D01D481E950063B46B /* Release */,
			);
			defaultConfigurationIsVisible = 0;
		};
		94CE32D11D481E950063B46B /* Build configuration list for PBXNativeTarget "Shake and GenerateUITests" */ = {
			isa = XCConfigurationList;
			buildConfigurations = (
				94CE32D21D481E950063B46B /* Debug */,
				94CE32D31D481E950063B46B /* Release */,
			);
			defaultConfigurationIsVisible = 0;
		};
/* End XCConfigurationList section */
	};
	rootObject = 94CE329B1D481E930063B46B /* Project object */;
}
